
Microsoft Visual Studio Solution File, Format Version 12.00
# Visual Studio Version 17
VisualStudioVersion = 17.11.35208.52
MinimumVisualStudioVersion = 10.0.40219.1
Project("{9A19103F-16F7-4668-BE54-9A1E7A4F7556}") = "WinFormsApp", "WinFormsApp\WinFormsApp.csproj", "{03344662-FBF5-4F50-896D-15CB54FE2EE1}"
EndProject
Project("{FAE04EC0-301F-11D3-BF4B-00C04F79EFBC}") = "WinFormsApp.Test", "WinFormsApp.Test\WinFormsApp.Test.csproj", "{DB228B27-9BB0-4A5E-A40D-733B185385B4}"
EndProject
Global
	GlobalSection(SolutionConfigurationPlatforms) = preSolution
		Debug|Any CPU = Debug|Any CPU
		Release|Any CPU = Release|Any CPU
	EndGlobalSection
	GlobalSection(ProjectConfigurationPlatforms) = postSolution
		{03344662-FBF5-4F50-896D-15CB54FE2EE1}.Debug|Any CPU.ActiveCfg = Debug|Any CPU
		{03344662-FBF5-4F50-896D-15CB54FE2EE1}.Debug|Any CPU.Build.0 = Debug|Any CPU
		{03344662-FBF5-4F50-896D-15CB54FE2EE1}.Release|Any CPU.ActiveCfg = Release|Any CPU
		{03344662-FBF5-4F50-896D-15CB54FE2EE1}.Release|Any CPU.Build.0 = Release|Any CPU
		{DB228B27-9BB0-4A5E-A40D-733B185385B4}.Debug|Any CPU.ActiveCfg = Debug|Any CPU
		{DB228B27-9BB0-4A5E-A40D-733B185385B4}.Debug|Any CPU.Build.0 = Debug|Any CPU
		{DB228B27-9BB0-4A5E-A40D-733B185385B4}.Release|Any CPU.ActiveCfg = Release|Any CPU
		{DB228B27-9BB0-4A5E-A40D-733B185385B4}.Release|Any CPU.Build.0 = Release|Any CPU
	EndGlobalSection
	GlobalSection(SolutionProperties) = preSolution
		HideSolutionNode = FALSE
	EndGlobalSection
	GlobalSection(ExtensibilityGlobals) = postSolution
		SolutionGuid = {92A45988-4643-47E1-BBE2-F2ADFA8C09D3}
	EndGlobalSection
EndGlobal
